
Microsoft Visual Studio Solution File, Format Version 12.00
# Visual Studio Version 17
VisualStudioVersion = 17.8.34525.116
MinimumVisualStudioVersion = 10.0.40219.1
Project("{9A19103F-16F7-4668-BE54-9A1E7A4F7556}") = "AspNETProj", "..\AspNETProj.csproj", "{79DFB247-34B5-42E3-A92E-D3AA9439CF74}"
EndProject
Global
	GlobalSection(SolutionConfigurationPlatforms) = preSolution
		Debug|Any CPU = Debug|Any CPU
		Release|Any CPU = Release|Any CPU
	EndGlobalSection
	GlobalSection(ProjectConfigurationPlatforms) = postSolution
		{79DFB247-34B5-42E3-A92E-D3AA9439CF74}.Debug|Any CPU.ActiveCfg = Debug|Any CPU
		{79DFB247-34B5-42E3-A92E-D3AA9439CF74}.Debug|Any CPU.Build.0 = Debug|Any CPU
		{79DFB247-34B5-42E3-A92E-D3AA9439CF74}.Release|Any CPU.ActiveCfg = Release|Any CPU
		{79DFB247-34B5-42E3-A92E-D3AA9439CF74}.Release|Any CPU.Build.0 = Release|Any CPU
	EndGlobalSection
	GlobalSection(SolutionProperties) = preSolution
		HideSolutionNode = FALSE
	EndGlobalSection
	GlobalSection(ExtensibilityGlobals) = postSolution
		SolutionGuid = {0A84B301-540F-4CDC-8E94-444E05D54C5E}
	EndGlobalSection
EndGlobal
